# This file is automatically @generated by Cargo.
# It is not intended for manual editing.
version = 3

[[package]]
name = "aya-ebpf"
version = "0.1.0"
source = "registry+https://github.com/rust-lang/crates.io-index"
checksum = "b7318de0c49a17873182763831cb22f74fb30d04e2eb7e6d7b7e9b7d86d70ed3"
dependencies = [
 "aya-ebpf-bindings",
 "aya-ebpf-cty",
 "aya-ebpf-macros",
 "rustversion",
]

[[package]]
name = "aya-ebpf-bindings"
version = "0.1.0"
source = "registry+https://github.com/rust-lang/crates.io-index"
checksum = "a8536b7e39b232ecd854e587f473ba15640c09afc3e08408fc28144a7404ae75"
dependencies = [
 "aya-ebpf-cty",
]

[[package]]
name = "aya-ebpf-cty"
version = "0.2.1"
source = "registry+https://github.com/rust-lang/crates.io-index"
checksum = "d5c130d898322b9698937465b3b749095dae85dba0da4ee648235947eb95738d"

[[package]]
name = "aya-ebpf-macros"
version = "0.1.0"
source = "registry+https://github.com/rust-lang/crates.io-index"
checksum = "ce7820cc83547582284a140ffbdd46ab527d7ee2d9d0cfedf3f184fad3f8e15c"
dependencies = [
 "proc-macro-error",
 "proc-macro2",
 "quote",
 "syn",
]

[[package]]
name = "network-types"
version = "0.0.7"
source = "registry+https://github.com/rust-lang/crates.io-index"
checksum = "e82e9f64c09f56aa7c80c3fa087997bd99a913f91d9c74d36cf5fd75dd5773e6"

[[package]]
name = "oryx-common"
version = "0.1.0"
dependencies = [
 "network-types",
]

[[package]]
name = "oryx-ebpf"
version = "0.1.0"
dependencies = [
 "aya-ebpf",
 "network-types",
 "oryx-common",
]

[[package]]
name = "proc-macro-error"
version = "1.0.4"
source = "registry+https://github.com/rust-lang/crates.io-index"
checksum = "da25490ff9892aab3fcf7c36f08cfb902dd3e71ca0f9f9517bea02a73a5ce38c"
dependencies = [
 "proc-macro-error-attr",
 "proc-macro2",
 "quote",
 "version_check",
]

[[package]]
name = "proc-macro-error-attr"
version = "1.0.4"
source = "registry+https://github.com/rust-lang/crates.io-index"
checksum = "a1be40180e52ecc98ad80b184934baf3d0d29f979574e439af5a55274b35f869"
dependencies = [
 "proc-macro2",
 "quote",
 "version_check",
]

[[package]]
name = "proc-macro2"
version = "1.0.86"
source = "registry+https://github.com/rust-lang/crates.io-index"
checksum = "5e719e8df665df0d1c8fbfd238015744736151d4445ec0836b8e628aae103b77"
dependencies = [
 "unicode-ident",
]

[[package]]
name = "quote"
version = "1.0.37"
source = "registry+https://github.com/rust-lang/crates.io-index"
checksum = "b5b9d34b8991d19d98081b46eacdd8eb58c6f2b201139f7c5f643cc155a633af"
dependencies = [
 "proc-macro2",
]

[[package]]
name = "rustversion"
version = "1.0.17"
source = "registry+https://github.com/rust-lang/crates.io-index"
checksum = "955d28af4278de8121b7ebeb796b6a45735dc01436d898801014aced2773a3d6"

[[package]]
name = "syn"
version = "2.0.77"
source = "registry+https://github.com/rust-lang/crates.io-index"
checksum = "9f35bcdf61fd8e7be6caf75f429fdca8beb3ed76584befb503b1569faee373ed"
dependencies = [
 "proc-macro2",
 "quote",
 "unicode-ident",
]

[[package]]
name = "unicode-ident"
version = "1.0.13"
source = "registry+https://github.com/rust-lang/crates.io-index"
checksum = "e91b56cd4cadaeb79bbf1a5645f6b4f8dc5bde8834ad5894a8db35fda9efa1fe"

[[package]]
name = "version_check"
version = "0.9.5"
source = "registry+https://github.com/rust-lang/crates.io-index"
checksum = "0b928f33d975fc6ad9f86c8f283853ad26bdd5b10b7f1542aa2fa15e2289105a"
